
Microsoft Visual Studio Solution File, Format Version 12.00
# Visual Studio Version 16
VisualStudioVersion = 16.0.29306.81
MinimumVisualStudioVersion = 10.0.40219.1
Project("{9A19103F-16F7-4668-BE54-9A1E7A4F7556}") = "Decimation", "Decimation.csproj", "{31EFD09E-37C1-4CB4-9050-1388F949EFC5}"
EndProject
Global
	GlobalSection(SolutionConfigurationPlatforms) = preSolution
		Debug|Any CPU = Debug|Any CPU
		Release|Any CPU = Release|Any CPU
	EndGlobalSection
	GlobalSection(ProjectConfigurationPlatforms) = postSolution
		{31EFD09E-37C1-4CB4-9050-1388F949EFC5}.Debug|Any CPU.ActiveCfg = Debug|Any CPU
		{31EFD09E-37C1-4CB4-9050-1388F949EFC5}.Debug|Any CPU.Build.0 = Debug|Any CPU
		{31EFD09E-37C1-4CB4-9050-1388F949EFC5}.Release|Any CPU.ActiveCfg = Release|Any CPU
		{31EFD09E-37C1-4CB4-9050-1388F949EFC5}.Release|Any CPU.Build.0 = Release|Any CPU
	EndGlobalSection
	GlobalSection(SolutionProperties) = preSolution
		HideSolutionNode = FALSE
	EndGlobalSection
	GlobalSection(ExtensibilityGlobals) = postSolution
		SolutionGuid = {DC2C8F20-5578-4199-A72C-7AE9307BAD63}
	EndGlobalSection
EndGlobal
